
Microsoft Visual Studio Solution File, Format Version 12.00
# Visual Studio Version 17
VisualStudioVersion = 17.9.34728.123
MinimumVisualStudioVersion = 10.0.40219.1
Project("{FAE04EC0-301F-11D3-BF4B-00C04F79EFBC}") = "xUnitPlayground.Tests", "xUnitPlayground.Tests.csproj", "{C2A44F42-EF39-43A5-9AEC-CB4EBB3C45E0}"
EndProject
Project("{2150E333-8FDC-42A3-9474-1A3956D46DE8}") = "Solution Items", "Solution Items", "{A9BF4B2D-A1EC-41D1-AF6E-629D2D3311A2}"
	ProjectSection(SolutionItems) = preProject
		Readme.md = Readme.md
	EndProjectSection
EndProject
Global
	GlobalSection(SolutionConfigurationPlatforms) = preSolution
		Debug|Any CPU = Debug|Any CPU
		Release|Any CPU = Release|Any CPU
	EndGlobalSection
	GlobalSection(ProjectConfigurationPlatforms) = postSolution
		{C2A44F42-EF39-43A5-9AEC-CB4EBB3C45E0}.Debug|Any CPU.ActiveCfg = Debug|Any CPU
		{C2A44F42-EF39-43A5-9AEC-CB4EBB3C45E0}.Debug|Any CPU.Build.0 = Debug|Any CPU
		{C2A44F42-EF39-43A5-9AEC-CB4EBB3C45E0}.Release|Any CPU.ActiveCfg = Release|Any CPU
		{C2A44F42-EF39-43A5-9AEC-CB4EBB3C45E0}.Release|Any CPU.Build.0 = Release|Any CPU
	EndGlobalSection
	GlobalSection(SolutionProperties) = preSolution
		HideSolutionNode = FALSE
	EndGlobalSection
	GlobalSection(ExtensibilityGlobals) = postSolution
		SolutionGuid = {B3D031BC-4A4D-43C8-9D9C-00A8A99CE8A0}
	EndGlobalSection
EndGlobal
